
Microsoft Visual Studio Solution File, Format Version 12.00
# Visual Studio Version 17
VisualStudioVersion = 17.13.35818.85 d17.13
MinimumVisualStudioVersion = 10.0.40219.1
Project("{FAE04EC0-301F-11D3-BF4B-00C04F79EFBC}") = "CSA01", "CSA01\CSA01.csproj", "{68557BE8-D212-4550-96C9-F09854A4B4CC}"
EndProject
Global
	GlobalSection(SolutionConfigurationPlatforms) = preSolution
		Debug|Any CPU = Debug|Any CPU
		Release|Any CPU = Release|Any CPU
	EndGlobalSection
	GlobalSection(ProjectConfigurationPlatforms) = postSolution
		{68557BE8-D212-4550-96C9-F09854A4B4CC}.Debug|Any CPU.ActiveCfg = Debug|Any CPU
		{68557BE8-D212-4550-96C9-F09854A4B4CC}.Debug|Any CPU.Build.0 = Debug|Any CPU
		{68557BE8-D212-4550-96C9-F09854A4B4CC}.Release|Any CPU.ActiveCfg = Release|Any CPU
		{68557BE8-D212-4550-96C9-F09854A4B4CC}.Release|Any CPU.Build.0 = Release|Any CPU
	EndGlobalSection
	GlobalSection(SolutionProperties) = preSolution
		HideSolutionNode = FALSE
	EndGlobalSection
	GlobalSection(ExtensibilityGlobals) = postSolution
		SolutionGuid = {3DFE20D5-1F34-481F-88F9-546D1C718D6E}
	EndGlobalSection
EndGlobal
